{
  "name": "use-package",
  "version": "1.0.0",
  "lockfileVersion": 2,
  "requires": true,
  "packages": {
    "": {
      "name": "use-package",
      "version": "1.0.0",
      "license": "ISC",
      "dependencies": {
        "@jsnb2333/hello-github-package": "^1.0.0"
      }
    },
    "node_modules/@jsnb2333/hello-github-package": {
      "version": "1.0.0",
      "resolved": "https://npm.pkg.github.com/download/@jsnb2333/hello-github-package/1.0.0/634580a802a3c42cd4970ba6d99d33f4c5decf05",
      "integrity": "sha512-X7M2TXwsLdGuBfOkyVObUicpRjDWL0E+2YVz1pr2HruuhWJ6Vuj9ocuGnhJJu84LTnkVRVXaL/zAJMNHKzEkVg==",
      "license": "MIT"
    }
  },
  "dependencies": {
    "@jsnb2333/hello-github-package": {
      "version": "1.0.0",
      "resolved": "https://npm.pkg.github.com/download/@jsnb2333/hello-github-package/1.0.0/634580a802a3c42cd4970ba6d99d33f4c5decf05",
      "integrity": "sha512-X7M2TXwsLdGuBfOkyVObUicpRjDWL0E+2YVz1pr2HruuhWJ6Vuj9ocuGnhJJu84LTnkVRVXaL/zAJMNHKzEkVg=="
    }
  }
}
